
Microsoft Visual Studio Solution File, Format Version 12.00
# Visual Studio Version 17
VisualStudioVersion = 17.14.36221.1 d17.14
MinimumVisualStudioVersion = 10.0.40219.1
Project("{FAE04EC0-301F-11D3-BF4B-00C04F79EFBC}") = "DateTimeFunction", "DateTimeFunction\DateTimeFunction.csproj", "{F1424F69-D284-4470-AC38-C2C646A271F2}"
EndProject
Global
	GlobalSection(SolutionConfigurationPlatforms) = preSolution
		Debug|Any CPU = Debug|Any CPU
		Release|Any CPU = Release|Any CPU
	EndGlobalSection
	GlobalSection(ProjectConfigurationPlatforms) = postSolution
		{F1424F69-D284-4470-AC38-C2C646A271F2}.Debug|Any CPU.ActiveCfg = Debug|Any CPU
		{F1424F69-D284-4470-AC38-C2C646A271F2}.Debug|Any CPU.Build.0 = Debug|Any CPU
		{F1424F69-D284-4470-AC38-C2C646A271F2}.Release|Any CPU.ActiveCfg = Release|Any CPU
		{F1424F69-D284-4470-AC38-C2C646A271F2}.Release|Any CPU.Build.0 = Release|Any CPU
	EndGlobalSection
	GlobalSection(SolutionProperties) = preSolution
		HideSolutionNode = FALSE
	EndGlobalSection
	GlobalSection(ExtensibilityGlobals) = postSolution
		SolutionGuid = {C37B728D-4CB9-495B-A8DA-A278930B7E4C}
	EndGlobalSection
EndGlobal
