
Microsoft Visual Studio Solution File, Format Version 12.00
# Visual Studio Version 17
VisualStudioVersion = 17.14.36221.1 d17.14
MinimumVisualStudioVersion = 10.0.40219.1
Project("{FAE04EC0-301F-11D3-BF4B-00C04F79EFBC}") = "TryCatchExceptions", "TryCatchExceptions\TryCatchExceptions.csproj", "{C33F44FF-BFEB-45CF-978D-E7E3E981EC1F}"
EndProject
Global
	GlobalSection(SolutionConfigurationPlatforms) = preSolution
		Debug|Any CPU = Debug|Any CPU
		Release|Any CPU = Release|Any CPU
	EndGlobalSection
	GlobalSection(ProjectConfigurationPlatforms) = postSolution
		{C33F44FF-BFEB-45CF-978D-E7E3E981EC1F}.Debug|Any CPU.ActiveCfg = Debug|Any CPU
		{C33F44FF-BFEB-45CF-978D-E7E3E981EC1F}.Debug|Any CPU.Build.0 = Debug|Any CPU
		{C33F44FF-BFEB-45CF-978D-E7E3E981EC1F}.Release|Any CPU.ActiveCfg = Release|Any CPU
		{C33F44FF-BFEB-45CF-978D-E7E3E981EC1F}.Release|Any CPU.Build.0 = Release|Any CPU
	EndGlobalSection
	GlobalSection(SolutionProperties) = preSolution
		HideSolutionNode = FALSE
	EndGlobalSection
	GlobalSection(ExtensibilityGlobals) = postSolution
		SolutionGuid = {EB99CCB4-6C0D-4946-A1D9-A64240395EF5}
	EndGlobalSection
EndGlobal
