
Microsoft Visual Studio Solution File, Format Version 12.00
# Visual Studio Version 17
VisualStudioVersion = 17.14.36221.1 d17.14
MinimumVisualStudioVersion = 10.0.40219.1
Project("{FAE04EC0-301F-11D3-BF4B-00C04F79EFBC}") = "Events3", "Events3\Events3.csproj", "{1911BAB8-C3AB-4D7F-9F55-EB6135377006}"
EndProject
Global
	GlobalSection(SolutionConfigurationPlatforms) = preSolution
		Debug|Any CPU = Debug|Any CPU
		Release|Any CPU = Release|Any CPU
	EndGlobalSection
	GlobalSection(ProjectConfigurationPlatforms) = postSolution
		{1911BAB8-C3AB-4D7F-9F55-EB6135377006}.Debug|Any CPU.ActiveCfg = Debug|Any CPU
		{1911BAB8-C3AB-4D7F-9F55-EB6135377006}.Debug|Any CPU.Build.0 = Debug|Any CPU
		{1911BAB8-C3AB-4D7F-9F55-EB6135377006}.Release|Any CPU.ActiveCfg = Release|Any CPU
		{1911BAB8-C3AB-4D7F-9F55-EB6135377006}.Release|Any CPU.Build.0 = Release|Any CPU
	EndGlobalSection
	GlobalSection(SolutionProperties) = preSolution
		HideSolutionNode = FALSE
	EndGlobalSection
	GlobalSection(ExtensibilityGlobals) = postSolution
		SolutionGuid = {060D592B-9414-498A-B066-AD22F78B27B0}
	EndGlobalSection
EndGlobal
